
Microsoft Visual Studio Solution File, Format Version 12.00
# Visual Studio Version 17
VisualStudioVersion = 17.8.34330.188
MinimumVisualStudioVersion = 10.0.40219.1
Project("{FAE04EC0-301F-11D3-BF4B-00C04F79EFBC}") = "LogicTesting", "LogicTesting\LogicTesting.csproj", "{AE3B2CB6-B553-4FCD-92C3-52A9240D4385}"
EndProject
Project("{FAE04EC0-301F-11D3-BF4B-00C04F79EFBC}") = "DGruppensuizidBot", "DCGruppensuizidBot\DGruppensuizidBot.csproj", "{55DFF9D1-15A8-0667-2665-E08B41C469E7}"
EndProject
Project("{FAE04EC0-301F-11D3-BF4B-00C04F79EFBC}") = "BelegtesBrot", "BelegtesBrot\BelegtesBrot.csproj", "{83F9E526-B0FA-45FF-A27D-650DF66D0919}"
EndProject
Project("{FAE04EC0-301F-11D3-BF4B-00C04F79EFBC}") = "CommandLine", "..\..\command-line-api\src\CommandLine\CommandLine.csproj", "{1EDAB650-EEA8-4185-B719-FB9E508365F0}"
EndProject
Global
	GlobalSection(SolutionConfigurationPlatforms) = preSolution
		Debug|Any CPU = Debug|Any CPU
		Release|Any CPU = Release|Any CPU
	EndGlobalSection
	GlobalSection(ProjectConfigurationPlatforms) = postSolution
		{AE3B2CB6-B553-4FCD-92C3-52A9240D4385}.Debug|Any CPU.ActiveCfg = Debug|Any CPU
		{AE3B2CB6-B553-4FCD-92C3-52A9240D4385}.Debug|Any CPU.Build.0 = Debug|Any CPU
		{AE3B2CB6-B553-4FCD-92C3-52A9240D4385}.Release|Any CPU.ActiveCfg = Release|Any CPU
		{AE3B2CB6-B553-4FCD-92C3-52A9240D4385}.Release|Any CPU.Build.0 = Release|Any CPU
		{55DFF9D1-15A8-0667-2665-E08B41C469E7}.Debug|Any CPU.ActiveCfg = Debug|Any CPU
		{55DFF9D1-15A8-0667-2665-E08B41C469E7}.Debug|Any CPU.Build.0 = Debug|Any CPU
		{55DFF9D1-15A8-0667-2665-E08B41C469E7}.Release|Any CPU.ActiveCfg = Release|Any CPU
		{55DFF9D1-15A8-0667-2665-E08B41C469E7}.Release|Any CPU.Build.0 = Release|Any CPU
		{83F9E526-B0FA-45FF-A27D-650DF66D0919}.Debug|Any CPU.ActiveCfg = Debug|Any CPU
		{83F9E526-B0FA-45FF-A27D-650DF66D0919}.Debug|Any CPU.Build.0 = Debug|Any CPU
		{83F9E526-B0FA-45FF-A27D-650DF66D0919}.Release|Any CPU.ActiveCfg = Release|Any CPU
		{83F9E526-B0FA-45FF-A27D-650DF66D0919}.Release|Any CPU.Build.0 = Release|Any CPU
		{1EDAB650-EEA8-4185-B719-FB9E508365F0}.Debug|Any CPU.ActiveCfg = Debug|Any CPU
		{1EDAB650-EEA8-4185-B719-FB9E508365F0}.Debug|Any CPU.Build.0 = Debug|Any CPU
		{1EDAB650-EEA8-4185-B719-FB9E508365F0}.Release|Any CPU.ActiveCfg = Release|Any CPU
		{1EDAB650-EEA8-4185-B719-FB9E508365F0}.Release|Any CPU.Build.0 = Release|Any CPU
	EndGlobalSection
	GlobalSection(SolutionProperties) = preSolution
		HideSolutionNode = FALSE
	EndGlobalSection
	GlobalSection(ExtensibilityGlobals) = postSolution
		SolutionGuid = {BB6626D6-046F-4E91-A9A8-63AE8D445324}
	EndGlobalSection
EndGlobal
